// !$*UTF8*$!
{
	archiveVersion = 1;
	classes = {
	};
	objectVersion = 55;
	objects = {

/* Begin PBXBuildFile section */
		7718545827CBFC9D00893F55 /* AppDelegate.swift in Sources */ = {isa = PBXBuildFile; fileRef = 7718545727CBFC9D00893F55 /* AppDelegate.swift */; };
		7718545A27CBFC9D00893F55 /* SceneDelegate.swift in Sources */ = {isa = PBXBuildFile; fileRef = 7718545927CBFC9D00893F55 /* SceneDelegate.swift */; };
		7718545C27CBFC9D00893F55 /* ListNotesViewController.swift in Sources */ = {isa = PBXBuildFile; fileRef = 7718545B27CBFC9D00893F55 /* ListNotesViewController.swift */; };
		7718545F27CBFC9D00893F55 /* Main.storyboard in Resources */ = {isa = PBXBuildFile; fileRef = 7718545D27CBFC9D00893F55 /* Main.storyboard */; };
		7718546127CBFC9F00893F55 /* Assets.xcassets in Resources */ = {isa = PBXBuildFile; fileRef = 7718546027CBFC9F00893F55 /* Assets.xcassets */; };
		7718546427CBFC9F00893F55 /* LaunchScreen.storyboard in Resources */ = {isa = PBXBuildFile; fileRef = 7718546227CBFC9F00893F55 /* LaunchScreen.storyboard */; };
		77A6D00727CFF57B00B4C4CB /* Notes.xcdatamodeld in Sources */ = {isa = PBXBuildFile; fileRef = 77A6D00527CFF57B00B4C4CB /* Notes.xcdatamodeld */; };
		77A6D00E27CFF87300B4C4CB /* Note+CoreDataClass.swift in Sources */ = {isa = PBXBuildFile; fileRef = 77A6D00C27CFF87300B4C4CB /* Note+CoreDataClass.swift */; };
		77A6D00F27CFF87300B4C4CB /* Note+CoreDataProperties.swift in Sources */ = {isa = PBXBuildFile; fileRef = 77A6D00D27CFF87300B4C4CB /* Note+CoreDataProperties.swift */; };
		77A6D01127CFFEA800B4C4CB /* CoreDataManager.swift in Sources */ = {isa = PBXBuildFile; fileRef = 77A6D01027CFFEA800B4C4CB /* CoreDataManager.swift */; };
		77CCB28E27CD5C150048DD61 /* Date + Extensions.swift in Sources */ = {isa = PBXBuildFile; fileRef = 77CCB28D27CD5C150048DD61 /* Date + Extensions.swift */; };
		77CCB29127CD6B4C0048DD61 /* EditNoteViewController.swift in Sources */ = {isa = PBXBuildFile; fileRef = 77CCB29027CD6B4C0048DD61 /* EditNoteViewController.swift */; };
		77E4A9F727CEA9BA009DFEF8 /* ListNoteTableViewCell.swift in Sources */ = {isa = PBXBuildFile; fileRef = 77E4A9F627CEA9BA009DFEF8 /* ListNoteTableViewCell.swift */; };
/* End PBXBuildFile section */

/* Begin PBXFileReference section */
		7718545427CBFC9D00893F55 /* Notes.app */ = {isa = PBXFileReference; explicitFileType = wrapper.application; includeInIndex = 0; path = Notes.app; sourceTree = BUILT_PRODUCTS_DIR; };
		7718545727CBFC9D00893F55 /* AppDelegate.swift */ = {isa = PBXFileReference; lastKnownFileType = sourcecode.swift; path = AppDelegate.swift; sourceTree = "<group>"; };
		7718545927CBFC9D00893F55 /* SceneDelegate.swift */ = {isa = PBXFileReference; lastKnownFileType = sourcecode.swift; path = SceneDelegate.swift; sourceTree = "<group>"; };
		7718545B27CBFC9D00893F55 /* ListNotesViewController.swift */ = {isa = PBXFileReference; lastKnownFileType = sourcecode.swift; path = ListNotesViewController.swift; sourceTree = "<group>"; };
		7718545E27CBFC9D00893F55 /* Base */ = {isa = PBXFileReference; lastKnownFileType = file.storyboard; name = Base; path = Base.lproj/Main.storyboard; sourceTree = "<group>"; };
		7718546027CBFC9F00893F55 /* Assets.xcassets */ = {isa = PBXFileReference; lastKnownFileType = folder.assetcatalog; path = Assets.xcassets; sourceTree = "<group>"; };
		7718546327CBFC9F00893F55 /* Base */ = {isa = PBXFileReference; lastKnownFileType = file.storyboard; name = Base; path = Base.lproj/LaunchScreen.storyboard; sourceTree = "<group>"; };
		7718546527CBFC9F00893F55 /* Info.plist */ = {isa = PBXFileReference; lastKnownFileType = text.plist.xml; path = Info.plist; sourceTree = "<group>"; };
		77A6D00627CFF57B00B4C4CB /* Notes.xcdatamodel */ = {isa = PBXFileReference; lastKnownFileType = wrapper.xcdatamodel; path = Notes.xcdatamodel; sourceTree = "<group>"; };
		77A6D00C27CFF87300B4C4CB /* Note+CoreDataClass.swift */ = {isa = PBXFileReference; lastKnownFileType = sourcecode.swift; path = "Note+CoreDataClass.swift"; sourceTree = "<group>"; };
		77A6D00D27CFF87300B4C4CB /* Note+CoreDataProperties.swift */ = {isa = PBXFileReference; lastKnownFileType = sourcecode.swift; path = "Note+CoreDataProperties.swift"; sourceTree = "<group>"; };
		77A6D01027CFFEA800B4C4CB /* CoreDataManager.swift */ = {isa = PBXFileReference; lastKnownFileType = sourcecode.swift; path = CoreDataManager.swift; sourceTree = "<group>"; };
		77CCB28D27CD5C150048DD61 /* Date + Extensions.swift */ = {isa = PBXFileReference; lastKnownFileType = sourcecode.swift; path = "Date + Extensions.swift"; sourceTree = "<group>"; };
		77CCB29027CD6B4C0048DD61 /* EditNoteViewController.swift */ = {isa = PBXFileReference; lastKnownFileType = sourcecode.swift; path = EditNoteViewController.swift; sourceTree = "<group>"; };
		77E4A9F627CEA9BA009DFEF8 /* ListNoteTableViewCell.swift */ = {isa = PBXFileReference; lastKnownFileType = sourcecode.swift; path = ListNoteTableViewCell.swift; sourceTree = "<group>"; };
/* End PBXFileReference section */

/* Begin PBXFrameworksBuildPhase section */
		7718545127CBFC9D00893F55 /* Frameworks */ = {
			isa = PBXFrameworksBuildPhase;
			buildActionMask = 2147483647;
			files = (
			);
			runOnlyForDeploymentPostprocessing = 0;
		};
/* End PBXFrameworksBuildPhase section */

/* Begin PBXGroup section */
		7718544B27CBFC9D00893F55 = {
			isa = PBXGroup;
			children = (
				7718545627CBFC9D00893F55 /* Notes */,
				7718545527CBFC9D00893F55 /* Products */,
			);
			sourceTree = "<group>";
		};
		7718545527CBFC9D00893F55 /* Products */ = {
			isa = PBXGroup;
			children = (
				7718545427CBFC9D00893F55 /* Notes.app */,
			);
			name = Products;
			sourceTree = "<group>";
		};
		7718545627CBFC9D00893F55 /* Notes */ = {
			isa = PBXGroup;
			children = (
				7718545727CBFC9D00893F55 /* AppDelegate.swift */,
				7718545927CBFC9D00893F55 /* SceneDelegate.swift */,
				7718545D27CBFC9D00893F55 /* Main.storyboard */,
				7718546027CBFC9F00893F55 /* Assets.xcassets */,
				7718546227CBFC9F00893F55 /* LaunchScreen.storyboard */,
				7718546527CBFC9F00893F55 /* Info.plist */,
				77CCB28F27CD5C1F0048DD61 /* Extensions */,
				77CCB28C27CD5BF30048DD61 /* Models */,
				77E4A9F127CEA939009DFEF8 /* ViewControllers */,
			);
			path = Notes;
			sourceTree = "<group>";
		};
		77CCB28C27CD5BF30048DD61 /* Models */ = {
			isa = PBXGroup;
			children = (
				77A6D00527CFF57B00B4C4CB /* Notes.xcdatamodeld */,
				77A6D00C27CFF87300B4C4CB /* Note+CoreDataClass.swift */,
				77A6D00D27CFF87300B4C4CB /* Note+CoreDataProperties.swift */,
				77A6D01027CFFEA800B4C4CB /* CoreDataManager.swift */,
			);
			path = Models;
			sourceTree = "<group>";
		};
		77CCB28F27CD5C1F0048DD61 /* Extensions */ = {
			isa = PBXGroup;
			children = (
				77CCB28D27CD5C150048DD61 /* Date + Extensions.swift */,
			);
			path = Extensions;
			sourceTree = "<group>";
		};
		77E4A9F127CEA939009DFEF8 /* ViewControllers */ = {
			isa = PBXGroup;
			children = (
				77E4A9F227CEA94F009DFEF8 /* ListNotes */,
				77E4A9F327CEA973009DFEF8 /* EditNote */,
			);
			path = ViewControllers;
			sourceTree = "<group>";
		};
		77E4A9F227CEA94F009DFEF8 /* ListNotes */ = {
			isa = PBXGroup;
			children = (
				7718545B27CBFC9D00893F55 /* ListNotesViewController.swift */,
				77E4A9F627CEA9BA009DFEF8 /* ListNoteTableViewCell.swift */,
			);
			path = ListNotes;
			sourceTree = "<group>";
		};
		77E4A9F327CEA973009DFEF8 /* EditNote */ = {
			isa = PBXGroup;
			children = (
				77CCB29027CD6B4C0048DD61 /* EditNoteViewController.swift */,
			);
			path = EditNote;
			sourceTree = "<group>";
		};
/* End PBXGroup section */

/* Begin PBXNativeTarget section */
		7718545327CBFC9D00893F55 /* Notes */ = {
			isa = PBXNativeTarget;
			buildConfigurationList = 7718546827CBFC9F00893F55 /* Build configuration list for PBXNativeTarget "Notes" */;
			buildPhases = (
				7718545027CBFC9D00893F55 /* Sources */,
				7718545127CBFC9D00893F55 /* Frameworks */,
				7718545227CBFC9D00893F55 /* Resources */,
			);
			buildRules = (
			);
			dependencies = (
			);
			name = Notes;
			productName = Notes;
			productReference = 7718545427CBFC9D00893F55 /* Notes.app */;
			productType = "com.apple.product-type.application";
		};
/* End PBXNativeTarget section */

/* Begin PBXProject section */
		7718544C27CBFC9D00893F55 /* Project object */ = {
			isa = PBXProject;
			attributes = {
				BuildIndependentTargetsInParallel = 1;
				LastSwiftUpdateCheck = 1320;
				LastUpgradeCheck = 1320;
				TargetAttributes = {
					7718545327CBFC9D00893F55 = {
						CreatedOnToolsVersion = 13.2.1;
					};
				};
			};
			buildConfigurationList = 7718544F27CBFC9D00893F55 /* Build configuration list for PBXProject "Notes" */;
			compatibilityVersion = "Xcode 13.0";
			developmentRegion = en;
			hasScannedForEncodings = 0;
			knownRegions = (
				en,
				Base,
			);
			mainGroup = 7718544B27CBFC9D00893F55;
			productRefGroup = 7718545527CBFC9D00893F55 /* Products */;
			projectDirPath = "";
			projectRoot = "";
			targets = (
				7718545327CBFC9D00893F55 /* Notes */,
			);
		};
/* End PBXProject section */

/* Begin PBXResourcesBuildPhase section */
		7718545227CBFC9D00893F55 /* Resources */ = {
			isa = PBXResourcesBuildPhase;
			buildActionMask = 2147483647;
			files = (
				7718546427CBFC9F00893F55 /* LaunchScreen.storyboard in Resources */,
				7718546127CBFC9F00893F55 /* Assets.xcassets in Resources */,
				7718545F27CBFC9D00893F55 /* Main.storyboard in Resources */,
			);
			runOnlyForDeploymentPostprocessing = 0;
		};
/* End PBXResourcesBuildPhase section */

/* Begin PBXSourcesBuildPhase section */
		7718545027CBFC9D00893F55 /* Sources */ = {
			isa = PBXSourcesBuildPhase;
			buildActionMask = 2147483647;
			files = (
				7718545C27CBFC9D00893F55 /* ListNotesViewController.swift in Sources */,
				77CCB28E27CD5C150048DD61 /* Date + Extensions.swift in Sources */,
				7718545827CBFC9D00893F55 /* AppDelegate.swift in Sources */,
				77A6D00727CFF57B00B4C4CB /* Notes.xcdatamodeld in Sources */,
				7718545A27CBFC9D00893F55 /* SceneDelegate.swift in Sources */,
				77A6D00E27CFF87300B4C4CB /* Note+CoreDataClass.swift in Sources */,
				77CCB29127CD6B4C0048DD61 /* EditNoteViewController.swift in Sources */,
				77E4A9F727CEA9BA009DFEF8 /* ListNoteTableViewCell.swift in Sources */,
				77A6D01127CFFEA800B4C4CB /* CoreDataManager.swift in Sources */,
				77A6D00F27CFF87300B4C4CB /* Note+CoreDataProperties.swift in Sources */,
			);
			runOnlyForDeploymentPostprocessing = 0;
		};
/* End PBXSourcesBuildPhase section */

/* Begin PBXVariantGroup section */
		7718545D27CBFC9D00893F55 /* Main.storyboard */ = {
			isa = PBXVariantGroup;
			children = (
				7718545E27CBFC9D00893F55 /* Base */,
			);
			name = Main.storyboard;
			sourceTree = "<group>";
		};
		7718546227CBFC9F00893F55 /* LaunchScreen.storyboard */ = {
			isa = PBXVariantGroup;
			children = (
				7718546327CBFC9F00893F55 /* Base */,
			);
			name = LaunchScreen.storyboard;
			sourceTree = "<group>";
		};
/* End PBXVariantGroup section */

/* Begin XCBuildConfiguration section */
		7718546627CBFC9F00893F55 /* Debug */ = {
			isa = XCBuildConfiguration;
			buildSettings = {
				ALWAYS_SEARCH_USER_PATHS = NO;
				CLANG_ANALYZER_NONNULL = YES;
				CLANG_ANALYZER_NUMBER_OBJECT_CONVERSION = YES_AGGRESSIVE;
				CLANG_CXX_LANGUAGE_STANDARD = "gnu++17";
				CLANG_CXX_LIBRARY = "libc++";
				CLANG_ENABLE_MODULES = YES;
				CLANG_ENABLE_OBJC_ARC = YES;
				CLANG_ENABLE_OBJC_WEAK = YES;
				CLANG_WARN_BLOCK_CAPTURE_AUTORELEASING = YES;
				CLANG_WARN_BOOL_CONVERSION = YES;
				CLANG_WARN_COMMA = YES;
				CLANG_WARN_CONSTANT_CONVERSION = YES;
				CLANG_WARN_DEPRECATED_OBJC_IMPLEMENTATIONS = YES;
				CLANG_WARN_DIRECT_OBJC_ISA_USAGE = YES_ERROR;
				CLANG_WARN_DOCUMENTATION_COMMENTS = YES;
				CLANG_WARN_EMPTY_BODY = YES;
				CLANG_WARN_ENUM_CONVERSION = YES;
				CLANG_WARN_INFINITE_RECURSION = YES;
				CLANG_WARN_INT_CONVERSION = YES;
				CLANG_WARN_NON_LITERAL_NULL_CONVERSION = YES;
				CLANG_WARN_OBJC_IMPLICIT_RETAIN_SELF = YES;
				CLANG_WARN_OBJC_LITERAL_CONVERSION = YES;
				CLANG_WARN_OBJC_ROOT_CLASS = YES_ERROR;
				CLANG_WARN_QUOTED_INCLUDE_IN_FRAMEWORK_HEADER = YES;
				CLANG_WARN_RANGE_LOOP_ANALYSIS = YES;
				CLANG_WARN_STRICT_PROTOTYPES = YES;
				CLANG_WARN_SUSPICIOUS_MOVE = YES;
				CLANG_WARN_UNGUARDED_AVAILABILITY = YES_AGGRESSIVE;
				CLANG_WARN_UNREACHABLE_CODE = YES;
				CLANG_WARN__DUPLICATE_METHOD_MATCH = YES;
				COPY_PHASE_STRIP = NO;
				DEBUG_INFORMATION_FORMAT = dwarf;
				ENABLE_STRICT_OBJC_MSGSEND = YES;
				ENABLE_TESTABILITY = YES;
				GCC_C_LANGUAGE_STANDARD = gnu11;
				GCC_DYNAMIC_NO_PIC = NO;
				GCC_NO_COMMON_BLOCKS = YES;
				GCC_OPTIMIZATION_LEVEL = 0;
				GCC_PREPROCESSOR_DEFINITIONS = (
					"DEBUG=1",
					"$(inherited)",
				);
				GCC_WARN_64_TO_32_BIT_CONVERSION = YES;
				GCC_WARN_ABOUT_RETURN_TYPE = YES_ERROR;
				GCC_WARN_UNDECLARED_SELECTOR = YES;
				GCC_WARN_UNINITIALIZED_AUTOS = YES_AGGRESSIVE;
				GCC_WARN_UNUSED_FUNCTION = YES;
				GCC_WARN_UNUSED_VARIABLE = YES;
				IPHONEOS_DEPLOYMENT_TARGET = 15.2;
				MTL_ENABLE_DEBUG_INFO = INCLUDE_SOURCE;
				MTL_FAST_MATH = YES;
				ONLY_ACTIVE_ARCH = YES;
				SDKROOT = iphoneos;
				SWIFT_ACTIVE_COMPILATION_CONDITIONS = DEBUG;
				SWIFT_OPTIMIZATION_LEVEL = "-Onone";
			};
			name = Debug;
		};
		7718546727CBFC9F00893F55 /* Release */ = {
			isa = XCBuildConfiguration;
			buildSettings = {
				ALWAYS_SEARCH_USER_PATHS = NO;
				CLANG_ANALYZER_NONNULL = YES;
				CLANG_ANALYZER_NUMBER_OBJECT_CONVERSION = YES_AGGRESSIVE;
				CLANG_CXX_LANGUAGE_STANDARD = "gnu++17";
				CLANG_CXX_LIBRARY = "libc++";
				CLANG_ENABLE_MODULES = YES;
				CLANG_ENABLE_OBJC_ARC = YES;
				CLANG_ENABLE_OBJC_WEAK = YES;
				CLANG_WARN_BLOCK_CAPTURE_AUTORELEASING = YES;
				CLANG_WARN_BOOL_CONVERSION = YES;
				CLANG_WARN_COMMA = YES;
				CLANG_WARN_CONSTANT_CONVERSION = YES;
				CLANG_WARN_DEPRECATED_OBJC_IMPLEMENTATIONS = YES;
				CLANG_WARN_DIRECT_OBJC_ISA_USAGE = YES_ERROR;
				CLANG_WARN_DOCUMENTATION_COMMENTS = YES;
				CLANG_WARN_EMPTY_BODY = YES;
				CLANG_WARN_ENUM_CONVERSION = YES;
				CLANG_WARN_INFINITE_RECURSION = YES;
				CLANG_WARN_INT_CONVERSION = YES;
				CLANG_WARN_NON_LITERAL_NULL_CONVERSION = YES;
				CLANG_WARN_OBJC_IMPLICIT_RETAIN_SELF = YES;
				CLANG_WARN_OBJC_LITERAL_CONVERSION = YES;
				CLANG_WARN_OBJC_ROOT_CLASS = YES_ERROR;
				CLANG_WARN_QUOTED_INCLUDE_IN_FRAMEWORK_HEADER = YES;
				CLANG_WARN_RANGE_LOOP_ANALYSIS = YES;
				CLANG_WARN_STRICT_PROTOTYPES = YES;
				CLANG_WARN_SUSPICIOUS_MOVE = YES;
				CLANG_WARN_UNGUARDED_AVAILABILITY = YES_AGGRESSIVE;
				CLANG_WARN_UNREACHABLE_CODE = YES;
				CLANG_WARN__DUPLICATE_METHOD_MATCH = YES;
				COPY_PHASE_STRIP = NO;
				DEBUG_INFORMATION_FORMAT = "dwarf-with-dsym";
				ENABLE_NS_ASSERTIONS = NO;
				ENABLE_STRICT_OBJC_MSGSEND = YES;
				GCC_C_LANGUAGE_STANDARD = gnu11;
				GCC_NO_COMMON_BLOCKS = YES;
				GCC_WARN_64_TO_32_BIT_CONVERSION = YES;
				GCC_WARN_ABOUT_RETURN_TYPE = YES_ERROR;
				GCC_WARN_UNDECLARED_SELECTOR = YES;
				GCC_WARN_UNINITIALIZED_AUTOS = YES_AGGRESSIVE;
				GCC_WARN_UNUSED_FUNCTION = YES;
				GCC_WARN_UNUSED_VARIABLE = YES;
				IPHONEOS_DEPLOYMENT_TARGET = 15.2;
				MTL_ENABLE_DEBUG_INFO = NO;
				MTL_FAST_MATH = YES;
				SDKROOT = iphoneos;
				SWIFT_COMPILATION_MODE = wholemodule;
				SWIFT_OPTIMIZATION_LEVEL = "-O";
				VALIDATE_PRODUCT = YES;
			};
			name = Release;
		};
		7718546927CBFC9F00893F55 /* Debug */ = {
			isa = XCBuildConfiguration;
			buildSettings = {
				ASSETCATALOG_COMPILER_APPICON_NAME = AppIcon;
				ASSETCATALOG_COMPILER_GLOBAL_ACCENT_COLOR_NAME = AccentColor;
				CODE_SIGN_STYLE = Automatic;
				CURRENT_PROJECT_VERSION = 1;
				DEVELOPMENT_TEAM = XZM5T93S2F;
				GENERATE_INFOPLIST_FILE = YES;
				INFOPLIST_FILE = Notes/Info.plist;
				INFOPLIST_KEY_UIApplicationSupportsIndirectInputEvents = YES;
				INFOPLIST_KEY_UILaunchStoryboardName = LaunchScreen;
				INFOPLIST_KEY_UIMainStoryboardFile = Main;
				INFOPLIST_KEY_UISupportedInterfaceOrientations_iPad = "UIInterfaceOrientationPortrait UIInterfaceOrientationPortraitUpsideDown UIInterfaceOrientationLandscapeLeft UIInterfaceOrientationLandscapeRight";
				INFOPLIST_KEY_UISupportedInterfaceOrientations_iPhone = "UIInterfaceOrientationPortrait UIInterfaceOrientationLandscapeLeft UIInterfaceOrientationLandscapeRight";
				IPHONEOS_DEPLOYMENT_TARGET = 15.2;
				LD_RUNPATH_SEARCH_PATHS = (
					"$(inherited)",
					"@executable_path/Frameworks",
				);
				MARKETING_VERSION = 1.0;
				PRODUCT_BUNDLE_IDENTIFIER = SomePractice.Notes;
				PRODUCT_NAME = "$(TARGET_NAME)";
				SWIFT_EMIT_LOC_STRINGS = YES;
				SWIFT_VERSION = 5.0;
				TARGETED_DEVICE_FAMILY = "1,2";
			};
			name = Debug;
		};
		7718546A27CBFC9F00893F55 /* Release */ = {
			isa = XCBuildConfiguration;
			buildSettings = {
				ASSETCATALOG_COMPILER_APPICON_NAME = AppIcon;
				ASSETCATALOG_COMPILER_GLOBAL_ACCENT_COLOR_NAME = AccentColor;
				CODE_SIGN_STYLE = Automatic;
				CURRENT_PROJECT_VERSION = 1;
				DEVELOPMENT_TEAM = XZM5T93S2F;
				GENERATE_INFOPLIST_FILE = YES;
				INFOPLIST_FILE = Notes/Info.plist;
				INFOPLIST_KEY_UIApplicationSupportsIndirectInputEvents = YES;
				INFOPLIST_KEY_UILaunchStoryboardName = LaunchScreen;
				INFOPLIST_KEY_UIMainStoryboardFile = Main;
				INFOPLIST_KEY_UISupportedInterfaceOrientations_iPad = "UIInterfaceOrientationPortrait UIInterfaceOrientationPortraitUpsideDown UIInterfaceOrientationLandscapeLeft UIInterfaceOrientationLandscapeRight";
				INFOPLIST_KEY_UISupportedInterfaceOrientations_iPhone = "UIInterfaceOrientationPortrait UIInterfaceOrientationLandscapeLeft UIInterfaceOrientationLandscapeRight";
				IPHONEOS_DEPLOYMENT_TARGET = 15.2;
				LD_RUNPATH_SEARCH_PATHS = (
					"$(inherited)",
					"@executable_path/Frameworks",
				);
				MARKETING_VERSION = 1.0;
				PRODUCT_BUNDLE_IDENTIFIER = SomePractice.Notes;
				PRODUCT_NAME = "$(TARGET_NAME)";
				SWIFT_EMIT_LOC_STRINGS = YES;
				SWIFT_VERSION = 5.0;
				TARGETED_DEVICE_FAMILY = "1,2";
			};
			name = Release;
		};
/* End XCBuildConfiguration section */

/* Begin XCConfigurationList section */
		7718544F27CBFC9D00893F55 /* Build configuration list for PBXProject "Notes" */ = {
			isa = XCConfigurationList;
			buildConfigurations = (
				7718546627CBFC9F00893F55 /* Debug */,
				7718546727CBFC9F00893F55 /* Release */,
			);
			defaultConfigurationIsVisible = 0;
			defaultConfigurationName = Release;
		};
		7718546827CBFC9F00893F55 /* Build configuration list for PBXNativeTarget "Notes" */ = {
			isa = XCConfigurationList;
			buildConfigurations = (
				7718546927CBFC9F00893F55 /* Debug */,
				7718546A27CBFC9F00893F55 /* Release */,
			);
			defaultConfigurationIsVisible = 0;
			defaultConfigurationName = Release;
		};
/* End XCConfigurationList section */

/* Begin XCVersionGroup section */
		77A6D00527CFF57B00B4C4CB /* Notes.xcdatamodeld */ = {
			isa = XCVersionGroup;
			children = (
				77A6D00627CFF57B00B4C4CB /* Notes.xcdatamodel */,
			);
			currentVersion = 77A6D00627CFF57B00B4C4CB /* Notes.xcdatamodel */;
			path = Notes.xcdatamodeld;
			sourceTree = "<group>";
			versionGroupType = wrapper.xcdatamodel;
		};
/* End XCVersionGroup section */
	};
	rootObject = 7718544C27CBFC9D00893F55 /* Project object */;
}
